
Microsoft Visual Studio Solution File, Format Version 12.00
# Visual Studio 15
VisualStudioVersion = 15.0.27703.2000
MinimumVisualStudioVersion = 10.0.40219.1
Project("{FAE04EC0-301F-11D3-BF4B-00C04F79EFBC}") = "ACM.BL", "ACM.BL\ACM.BL.csproj", "{FF834D27-00B6-4796-AFE4-3A86B35A89F6}"
EndProject
Global
	GlobalSection(SolutionConfigurationPlatforms) = preSolution
		Debug|Any CPU = Debug|Any CPU
		Release|Any CPU = Release|Any CPU
	EndGlobalSection
	GlobalSection(ProjectConfigurationPlatforms) = postSolution
		{FF834D27-00B6-4796-AFE4-3A86B35A89F6}.Debug|Any CPU.ActiveCfg = Debug|Any CPU
		{FF834D27-00B6-4796-AFE4-3A86B35A89F6}.Debug|Any CPU.Build.0 = Debug|Any CPU
		{FF834D27-00B6-4796-AFE4-3A86B35A89F6}.Release|Any CPU.ActiveCfg = Release|Any CPU
		{FF834D27-00B6-4796-AFE4-3A86B35A89F6}.Release|Any CPU.Build.0 = Release|Any CPU
	EndGlobalSection
	GlobalSection(SolutionProperties) = preSolution
		HideSolutionNode = FALSE
	EndGlobalSection
	GlobalSection(ExtensibilityGlobals) = postSolution
		SolutionGuid = {564DA345-1819-434F-93FE-06A1CF5EEA33}
	EndGlobalSection
EndGlobal
